
Microsoft Visual Studio Solution File, Format Version 12.00
# Visual Studio Version 16
VisualStudioVersion = 16.0.30517.126
MinimumVisualStudioVersion = 10.0.40219.1
Project("{9A19103F-16F7-4668-BE54-9A1E7A4F7556}") = "Lotto", "Lotto\Lotto.csproj", "{24012EDC-950A-45C2-A9BD-9548644E8955}"
EndProject
Project("{9A19103F-16F7-4668-BE54-9A1E7A4F7556}") = "Lotto.Tests", "Lotto.Tests\Lotto.Tests.csproj", "{7068BDB9-B98F-415B-814F-D0A44FBFC5F6}"
EndProject
Global
	GlobalSection(SolutionConfigurationPlatforms) = preSolution
		Debug|Any CPU = Debug|Any CPU
		Release|Any CPU = Release|Any CPU
	EndGlobalSection
	GlobalSection(ProjectConfigurationPlatforms) = postSolution
		{24012EDC-950A-45C2-A9BD-9548644E8955}.Debug|Any CPU.ActiveCfg = Debug|Any CPU
		{24012EDC-950A-45C2-A9BD-9548644E8955}.Debug|Any CPU.Build.0 = Debug|Any CPU
		{24012EDC-950A-45C2-A9BD-9548644E8955}.Release|Any CPU.ActiveCfg = Release|Any CPU
		{24012EDC-950A-45C2-A9BD-9548644E8955}.Release|Any CPU.Build.0 = Release|Any CPU
		{7068BDB9-B98F-415B-814F-D0A44FBFC5F6}.Debug|Any CPU.ActiveCfg = Debug|Any CPU
		{7068BDB9-B98F-415B-814F-D0A44FBFC5F6}.Debug|Any CPU.Build.0 = Debug|Any CPU
		{7068BDB9-B98F-415B-814F-D0A44FBFC5F6}.Release|Any CPU.ActiveCfg = Release|Any CPU
		{7068BDB9-B98F-415B-814F-D0A44FBFC5F6}.Release|Any CPU.Build.0 = Release|Any CPU
	EndGlobalSection
	GlobalSection(SolutionProperties) = preSolution
		HideSolutionNode = FALSE
	EndGlobalSection
	GlobalSection(ExtensibilityGlobals) = postSolution
		SolutionGuid = {68D0D3DD-5B2B-419F-ADFF-74A89E73F56C}
	EndGlobalSection
EndGlobal
